
Microsoft Visual Studio Solution File, Format Version 12.00
# Visual Studio Version 16
VisualStudioVersion = 16.0.29424.173
MinimumVisualStudioVersion = 10.0.40219.1
Project("{FAE04EC0-301F-11D3-BF4B-00C04F79EFBC}") = "HR_Management_System", "HR_Management_System\HR_Management_System.csproj", "{FC7967C8-0053-457D-ACAA-FC2E8E556AED}"
EndProject
Global
	GlobalSection(SolutionConfigurationPlatforms) = preSolution
		Debug|Any CPU = Debug|Any CPU
		Release|Any CPU = Release|Any CPU
	EndGlobalSection
	GlobalSection(ProjectConfigurationPlatforms) = postSolution
		{FC7967C8-0053-457D-ACAA-FC2E8E556AED}.Debug|Any CPU.ActiveCfg = Debug|Any CPU
		{FC7967C8-0053-457D-ACAA-FC2E8E556AED}.Debug|Any CPU.Build.0 = Debug|Any CPU
		{FC7967C8-0053-457D-ACAA-FC2E8E556AED}.Release|Any CPU.ActiveCfg = Release|Any CPU
		{FC7967C8-0053-457D-ACAA-FC2E8E556AED}.Release|Any CPU.Build.0 = Release|Any CPU
	EndGlobalSection
	GlobalSection(SolutionProperties) = preSolution
		HideSolutionNode = FALSE
	EndGlobalSection
	GlobalSection(ExtensibilityGlobals) = postSolution
		SolutionGuid = {352CF374-B677-438C-B30F-0AD45ED6828C}
	EndGlobalSection
EndGlobal
